
Microsoft Visual Studio Solution File, Format Version 12.00
# Visual Studio Version 16
VisualStudioVersion = 16.0.30114.105
MinimumVisualStudioVersion = 10.0.40219.1
Project("{FAE04EC0-301F-11D3-BF4B-00C04F79EFBC}") = "WEB", "WEB\WEB.csproj", "{474D78BF-5B75-4633-8FFF-5A3A4F932CC6}"
EndProject
Project("{FAE04EC0-301F-11D3-BF4B-00C04F79EFBC}") = "DAL", "DAL\DAL.csproj", "{BE477F67-C882-4417-802F-85884EB52B96}"
EndProject
Global
	GlobalSection(SolutionConfigurationPlatforms) = preSolution
		Debug|Any CPU = Debug|Any CPU
		Release|Any CPU = Release|Any CPU
	EndGlobalSection
	GlobalSection(ProjectConfigurationPlatforms) = postSolution
		{474D78BF-5B75-4633-8FFF-5A3A4F932CC6}.Debug|Any CPU.ActiveCfg = Debug|Any CPU
		{474D78BF-5B75-4633-8FFF-5A3A4F932CC6}.Debug|Any CPU.Build.0 = Debug|Any CPU
		{474D78BF-5B75-4633-8FFF-5A3A4F932CC6}.Release|Any CPU.ActiveCfg = Release|Any CPU
		{474D78BF-5B75-4633-8FFF-5A3A4F932CC6}.Release|Any CPU.Build.0 = Release|Any CPU
		{BE477F67-C882-4417-802F-85884EB52B96}.Debug|Any CPU.ActiveCfg = Debug|Any CPU
		{BE477F67-C882-4417-802F-85884EB52B96}.Debug|Any CPU.Build.0 = Debug|Any CPU
		{BE477F67-C882-4417-802F-85884EB52B96}.Release|Any CPU.ActiveCfg = Release|Any CPU
		{BE477F67-C882-4417-802F-85884EB52B96}.Release|Any CPU.Build.0 = Release|Any CPU
	EndGlobalSection
	GlobalSection(SolutionProperties) = preSolution
		HideSolutionNode = FALSE
	EndGlobalSection
	GlobalSection(ExtensibilityGlobals) = postSolution
		SolutionGuid = {64C026D7-D053-4EB4-8D5E-F47AE9062376}
	EndGlobalSection
EndGlobal
